
Microsoft Visual Studio Solution File, Format Version 12.00
# Visual Studio Version 16
VisualStudioVersion = 16.0.33027.164
MinimumVisualStudioVersion = 10.0.40219.1
Project("{8BC9CEB8-8B4A-11D0-8D11-00A0C91BC942}") = "A", "A\A.vcxproj", "{7B0F9E3E-A55A-4EBC-BDC2-67BD5808E5A6}"
EndProject
Project("{8BC9CEB8-8B4A-11D0-8D11-00A0C91BC942}") = "B", "B\B.vcxproj", "{1ED8E1A1-6942-4DEF-8DFF-EA1F0BF1AA95}"
EndProject
Global
	GlobalSection(SolutionConfigurationPlatforms) = preSolution
		Debug|x64 = Debug|x64
		Debug|x86 = Debug|x86
		Release|x64 = Release|x64
		Release|x86 = Release|x86
	EndGlobalSection
	GlobalSection(ProjectConfigurationPlatforms) = postSolution
		{7B0F9E3E-A55A-4EBC-BDC2-67BD5808E5A6}.Debug|x64.ActiveCfg = Debug|x64
		{7B0F9E3E-A55A-4EBC-BDC2-67BD5808E5A6}.Debug|x64.Build.0 = Debug|x64
		{7B0F9E3E-A55A-4EBC-BDC2-67BD5808E5A6}.Debug|x86.ActiveCfg = Debug|Win32
		{7B0F9E3E-A55A-4EBC-BDC2-67BD5808E5A6}.Debug|x86.Build.0 = Debug|Win32
		{7B0F9E3E-A55A-4EBC-BDC2-67BD5808E5A6}.Release|x64.ActiveCfg = Release|x64
		{7B0F9E3E-A55A-4EBC-BDC2-67BD5808E5A6}.Release|x64.Build.0 = Release|x64
		{7B0F9E3E-A55A-4EBC-BDC2-67BD5808E5A6}.Release|x86.ActiveCfg = Release|Win32
		{7B0F9E3E-A55A-4EBC-BDC2-67BD5808E5A6}.Release|x86.Build.0 = Release|Win32
		{1ED8E1A1-6942-4DEF-8DFF-EA1F0BF1AA95}.Debug|x64.ActiveCfg = Debug|x64
		{1ED8E1A1-6942-4DEF-8DFF-EA1F0BF1AA95}.Debug|x64.Build.0 = Debug|x64
		{1ED8E1A1-6942-4DEF-8DFF-EA1F0BF1AA95}.Debug|x86.ActiveCfg = Debug|Win32
		{1ED8E1A1-6942-4DEF-8DFF-EA1F0BF1AA95}.Debug|x86.Build.0 = Debug|Win32
		{1ED8E1A1-6942-4DEF-8DFF-EA1F0BF1AA95}.Release|x64.ActiveCfg = Release|x64
		{1ED8E1A1-6942-4DEF-8DFF-EA1F0BF1AA95}.Release|x64.Build.0 = Release|x64
		{1ED8E1A1-6942-4DEF-8DFF-EA1F0BF1AA95}.Release|x86.ActiveCfg = Release|Win32
		{1ED8E1A1-6942-4DEF-8DFF-EA1F0BF1AA95}.Release|x86.Build.0 = Release|Win32
	EndGlobalSection
	GlobalSection(SolutionProperties) = preSolution
		HideSolutionNode = FALSE
	EndGlobalSection
	GlobalSection(ExtensibilityGlobals) = postSolution
		SolutionGuid = {4870634A-FAC0-495C-823C-C1B0C546DD53}
	EndGlobalSection
EndGlobal
